
Microsoft Visual Studio Solution File, Format Version 12.00
# Visual Studio Version 16
VisualStudioVersion = 16.0.33801.447
MinimumVisualStudioVersion = 10.0.40219.1
Project("{FAE04EC0-301F-11D3-BF4B-00C04F79EFBC}") = "calculadora", "aula1\calculadora.csproj", "{CFC2CDAE-22C9-4DA4-A761-9BFA2ACB6EF7}"
EndProject
Project("{FAE04EC0-301F-11D3-BF4B-00C04F79EFBC}") = "CalculadoraTest", "CalculadoraTest\CalculadoraTest.csproj", "{78FC57D8-964A-4253-AB20-C3C9B1733128}"
EndProject
Global
	GlobalSection(SolutionConfigurationPlatforms) = preSolution
		Debug|Any CPU = Debug|Any CPU
		Release|Any CPU = Release|Any CPU
	EndGlobalSection
	GlobalSection(ProjectConfigurationPlatforms) = postSolution
		{CFC2CDAE-22C9-4DA4-A761-9BFA2ACB6EF7}.Debug|Any CPU.ActiveCfg = Debug|Any CPU
		{CFC2CDAE-22C9-4DA4-A761-9BFA2ACB6EF7}.Debug|Any CPU.Build.0 = Debug|Any CPU
		{CFC2CDAE-22C9-4DA4-A761-9BFA2ACB6EF7}.Release|Any CPU.ActiveCfg = Release|Any CPU
		{CFC2CDAE-22C9-4DA4-A761-9BFA2ACB6EF7}.Release|Any CPU.Build.0 = Release|Any CPU
		{78FC57D8-964A-4253-AB20-C3C9B1733128}.Debug|Any CPU.ActiveCfg = Debug|Any CPU
		{78FC57D8-964A-4253-AB20-C3C9B1733128}.Debug|Any CPU.Build.0 = Debug|Any CPU
		{78FC57D8-964A-4253-AB20-C3C9B1733128}.Release|Any CPU.ActiveCfg = Release|Any CPU
		{78FC57D8-964A-4253-AB20-C3C9B1733128}.Release|Any CPU.Build.0 = Release|Any CPU
	EndGlobalSection
	GlobalSection(SolutionProperties) = preSolution
		HideSolutionNode = FALSE
	EndGlobalSection
	GlobalSection(ExtensibilityGlobals) = postSolution
		SolutionGuid = {71245D46-01E0-456A-A437-F715D11F8E01}
	EndGlobalSection
EndGlobal
